
Microsoft Visual Studio Solution File, Format Version 12.00
# Visual Studio Version 16
VisualStudioVersion = 16.0.30204.135
MinimumVisualStudioVersion = 10.0.40219.1
Project("{FAE04EC0-301F-11D3-BF4B-00C04F79EFBC}") = "UI", "UI\UI.csproj", "{90B9846D-0BCB-456B-A9E6-BBBB269CD190}"
EndProject
Project("{FAE04EC0-301F-11D3-BF4B-00C04F79EFBC}") = "MineSweeper", "MineSweeper\MineSweeper.csproj", "{0B15A764-583F-4FB7-88EF-67364848693E}"
EndProject
Project("{FAE04EC0-301F-11D3-BF4B-00C04F79EFBC}") = "Test", "Test\Test.csproj", "{24DDF3C0-58C0-4055-972A-3AC93AE793D8}"
EndProject
Global
	GlobalSection(SolutionConfigurationPlatforms) = preSolution
		Debug|Any CPU = Debug|Any CPU
		Release|Any CPU = Release|Any CPU
	EndGlobalSection
	GlobalSection(ProjectConfigurationPlatforms) = postSolution
		{90B9846D-0BCB-456B-A9E6-BBBB269CD190}.Debug|Any CPU.ActiveCfg = Debug|Any CPU
		{90B9846D-0BCB-456B-A9E6-BBBB269CD190}.Debug|Any CPU.Build.0 = Debug|Any CPU
		{90B9846D-0BCB-456B-A9E6-BBBB269CD190}.Release|Any CPU.ActiveCfg = Release|Any CPU
		{90B9846D-0BCB-456B-A9E6-BBBB269CD190}.Release|Any CPU.Build.0 = Release|Any CPU
		{0B15A764-583F-4FB7-88EF-67364848693E}.Debug|Any CPU.ActiveCfg = Debug|Any CPU
		{0B15A764-583F-4FB7-88EF-67364848693E}.Debug|Any CPU.Build.0 = Debug|Any CPU
		{0B15A764-583F-4FB7-88EF-67364848693E}.Release|Any CPU.ActiveCfg = Release|Any CPU
		{0B15A764-583F-4FB7-88EF-67364848693E}.Release|Any CPU.Build.0 = Release|Any CPU
		{24DDF3C0-58C0-4055-972A-3AC93AE793D8}.Debug|Any CPU.ActiveCfg = Debug|Any CPU
		{24DDF3C0-58C0-4055-972A-3AC93AE793D8}.Debug|Any CPU.Build.0 = Debug|Any CPU
		{24DDF3C0-58C0-4055-972A-3AC93AE793D8}.Release|Any CPU.ActiveCfg = Release|Any CPU
		{24DDF3C0-58C0-4055-972A-3AC93AE793D8}.Release|Any CPU.Build.0 = Release|Any CPU
	EndGlobalSection
	GlobalSection(SolutionProperties) = preSolution
		HideSolutionNode = FALSE
	EndGlobalSection
	GlobalSection(ExtensibilityGlobals) = postSolution
		SolutionGuid = {5EA850C9-25EE-4836-8BCB-C465E3D573CF}
	EndGlobalSection
EndGlobal
